
Microsoft Visual Studio Solution File, Format Version 11.00
# Visual Studio 2010
Project("{FAE04EC0-301F-11D3-BF4B-00C04F79EFBC}") = "Assembly-CSharp", "Assembly-CSharp.csproj", "{86AA5901-8763-928D-1C9C-0F0C1E2D491A}"
EndProject
Global
	GlobalSection(SolutionConfigurationPlatforms) = preSolution
		Debug|Any CPU = Debug|Any CPU
		Release|Any CPU = Release|Any CPU
	EndGlobalSection
	GlobalSection(ProjectConfigurationPlatforms) = postSolution
		{86AA5901-8763-928D-1C9C-0F0C1E2D491A}.Debug|Any CPU.ActiveCfg = Debug|Any CPU
		{86AA5901-8763-928D-1C9C-0F0C1E2D491A}.Debug|Any CPU.Build.0 = Debug|Any CPU
		{86AA5901-8763-928D-1C9C-0F0C1E2D491A}.Release|Any CPU.ActiveCfg = Release|Any CPU
		{86AA5901-8763-928D-1C9C-0F0C1E2D491A}.Release|Any CPU.Build.0 = Release|Any CPU
	EndGlobalSection
	GlobalSection(SolutionProperties) = preSolution
		HideSolutionNode = FALSE
	EndGlobalSection
EndGlobal
